{
  "lockfile_version": "1",
  "packages": {
    "dotnet-sdk_10@latest": {
      "last_modified": "2025-10-22T20:59:19Z",
      "resolved": "github:NixOS/nixpkgs/01b6809f7f9d1183a2b3e081f0a1e6f8f415cb09#dotnet-sdk_10",
      "source": "devbox-search",
      "version": "10.0.100-rc.2.25502.107",
      "systems": {
        "aarch64-darwin": {
          "outputs": [
            {
              "name": "out",
              "path": "/nix/store/qjmqaak089wnxmkk5hvs0kv371mdaph2-dotnet-sdk-wrapped-10.0.100-rc.2.25502.107",
              "default": true
            },
            {
              "name": "man",
              "path": "/nix/store/p7apzfd60jb82r3b94gzqw9rf2kpc8cj-dotnet-sdk-wrapped-10.0.100-rc.2.25502.107-man",
              "default": true
            }
          ],
          "store_path": "/nix/store/qjmqaak089wnxmkk5hvs0kv371mdaph2-dotnet-sdk-wrapped-10.0.100-rc.2.25502.107"
        },
        "aarch64-linux": {
          "outputs": [
            {
              "name": "out",
              "path": "/nix/store/m397s8j697dqdl8vhp4qy39scf4yy10n-dotnet-sdk-wrapped-10.0.100-rc.2.25502.107",
              "default": true
            },
            {
              "name": "man",
              "path": "/nix/store/jilxiwwrc11zncnxf8s5h3h0f0vkq4px-dotnet-sdk-wrapped-10.0.100-rc.2.25502.107-man",
              "default": true
            }
          ],
          "store_path": "/nix/store/m397s8j697dqdl8vhp4qy39scf4yy10n-dotnet-sdk-wrapped-10.0.100-rc.2.25502.107"
        },
        "x86_64-darwin": {
          "outputs": [
            {
              "name": "out",
              "path": "/nix/store/fmgsr0hx4pj8arajkwl8nchvr5xa653q-dotnet-sdk-wrapped-10.0.100-rc.2.25502.107",
              "default": true
            }
          ],
          "store_path": "/nix/store/fmgsr0hx4pj8arajkwl8nchvr5xa653q-dotnet-sdk-wrapped-10.0.100-rc.2.25502.107"
        },
        "x86_64-linux": {
          "outputs": [
            {
              "name": "out",
              "path": "/nix/store/gkdzs08rjbbv31i5c3qn47jfmkdbxd7a-dotnet-sdk-wrapped-10.0.100-rc.2.25502.107",
              "default": true
            },
            {
              "name": "man",
              "path": "/nix/store/pc1h8ilm9myzqwdvnvzn47nlghc71140-dotnet-sdk-wrapped-10.0.100-rc.2.25502.107-man",
              "default": true
            }
          ],
          "store_path": "/nix/store/gkdzs08rjbbv31i5c3qn47jfmkdbxd7a-dotnet-sdk-wrapped-10.0.100-rc.2.25502.107"
        }
      }
    },
    "git": {
      "resolved": "github:NixOS/nixpkgs/1d4c88323ac36805d09657d13a5273aea1b34f0c?narHash=sha256-esRhOS0APE6k40Hs%2FjjReXg%2Brx%2BJ5LkWw7cuWFKlwYA%3D#git",
      "source": "nixpkg",
      "systems": {
        "aarch64-darwin": {
          "outputs": [
            {
              "path": "/nix/store/k2vlwnvjcmnig77p65zipibvvim8rxq7-git-2.51.2",
              "default": true
            }
          ]
        }
      }
    },
    "github:NixOS/nixpkgs/nixpkgs-unstable": {
      "last_modified": "2025-11-15T07:28:48Z",
      "resolved": "github:NixOS/nixpkgs/1d4c88323ac36805d09657d13a5273aea1b34f0c?lastModified=1763191728&narHash=sha256-esRhOS0APE6k40Hs%2FjjReXg%2Brx%2BJ5LkWw7cuWFKlwYA%3D"
    },
    "go@1.22.2": {
      "last_modified": "2024-05-12T16:19:40Z",
      "resolved": "github:NixOS/nixpkgs/3281bec7174f679eabf584591e75979a258d8c40#go",
      "source": "devbox-search",
      "version": "1.22.2",
      "systems": {
        "aarch64-darwin": {
          "outputs": [
            {
              "name": "out",
              "path": "/nix/store/460vdyz0ghxh8n5ibq3fgc3s63is68cd-go-1.22.2",
              "default": true
            }
          ],
          "store_path": "/nix/store/460vdyz0ghxh8n5ibq3fgc3s63is68cd-go-1.22.2"
        },
        "aarch64-linux": {
          "outputs": [
            {
              "name": "out",
              "path": "/nix/store/c732580an83by9405c5j2fmn04hp6ry6-go-1.22.2",
              "default": true
            }
          ],
          "store_path": "/nix/store/c732580an83by9405c5j2fmn04hp6ry6-go-1.22.2"
        },
        "x86_64-darwin": {
          "outputs": [
            {
              "name": "out",
              "path": "/nix/store/9cim6f30wrzdbiaw8wa45kvffns73dgz-go-1.22.2",
              "default": true
            }
          ],
          "store_path": "/nix/store/9cim6f30wrzdbiaw8wa45kvffns73dgz-go-1.22.2"
        },
        "x86_64-linux": {
          "outputs": [
            {
              "name": "out",
              "path": "/nix/store/6bvndddvxaypc42x6x4ari20gv3vfdgd-go-1.22.2",
              "default": true
            }
          ],
          "store_path": "/nix/store/6bvndddvxaypc42x6x4ari20gv3vfdgd-go-1.22.2"
        }
      }
    },
    "nodejs@20": {
      "last_modified": "2025-11-12T10:38:40Z",
      "plugin_version": "0.0.2",
      "resolved": "github:NixOS/nixpkgs/91c9a64ce2a84e648d0cf9671274bb9c2fb9ba60#nodejs_20",
      "source": "devbox-search",
      "version": "20.19.5",
      "systems": {
        "aarch64-darwin": {
          "outputs": [
            {
              "name": "out",
              "path": "/nix/store/mrzzr68dgmdgn2qnynn2s174nkhdpdhs-nodejs-20.19.5",
              "default": true
            },
            {
              "name": "libv8",
              "path": "/nix/store/v0b2ly7b8jchn8yhx31q2hxv2iv7rzgz-nodejs-20.19.5-libv8"
            },
            {
              "name": "dev",
              "path": "/nix/store/7hi4mk7g9ql080gibqz1q3ck006f1dw8-nodejs-20.19.5-dev"
            }
          ],
          "store_path": "/nix/store/mrzzr68dgmdgn2qnynn2s174nkhdpdhs-nodejs-20.19.5"
        },
        "aarch64-linux": {
          "outputs": [
            {
              "name": "out",
              "path": "/nix/store/ys7vm949p1yvdi3my2g9rvq5csik88y6-nodejs-20.19.5",
              "default": true
            },
            {
              "name": "dev",
              "path": "/nix/store/x7zkvi7yks77d57zyqvn79zcw041wl58-nodejs-20.19.5-dev"
            },
            {
              "name": "libv8",
              "path": "/nix/store/bhc8wjzfb14r35j424apv64mkv0yrasp-nodejs-20.19.5-libv8"
            }
          ],
          "store_path": "/nix/store/ys7vm949p1yvdi3my2g9rvq5csik88y6-nodejs-20.19.5"
        },
        "x86_64-darwin": {
          "outputs": [
            {
              "name": "out",
              "path": "/nix/store/y5qp59zzplbq6snp197nsrm8q5v7d1vk-nodejs-20.19.5",
              "default": true
            },
            {
              "name": "dev",
              "path": "/nix/store/s770vsk60qxlip35ss3jll0h2vp1jpm8-nodejs-20.19.5-dev"
            },
            {
              "name": "libv8",
              "path": "/nix/store/mqif39ay45nvpb8dhxc6pz8gpj0pxyrz-nodejs-20.19.5-libv8"
            }
          ],
          "store_path": "/nix/store/y5qp59zzplbq6snp197nsrm8q5v7d1vk-nodejs-20.19.5"
        },
        "x86_64-linux": {
          "outputs": [
            {
              "name": "out",
              "path": "/nix/store/jh5j35wpkxlznmzq68c07ajq7wk08s6v-nodejs-20.19.5",
              "default": true
            },
            {
              "name": "dev",
              "path": "/nix/store/519i2gakc2mlh499s7ngggvnms48an1x-nodejs-20.19.5-dev"
            },
            {
              "name": "libv8",
              "path": "/nix/store/5las0grczkfjw070rwl09ryxqmmj2xz5-nodejs-20.19.5-libv8"
            }
          ],
          "store_path": "/nix/store/jh5j35wpkxlznmzq68c07ajq7wk08s6v-nodejs-20.19.5"
        }
      }
    },
    "python@3.11": {
      "last_modified": "2025-10-22T20:59:19Z",
      "plugin_version": "0.0.4",
      "resolved": "github:NixOS/nixpkgs/01b6809f7f9d1183a2b3e081f0a1e6f8f415cb09#python311",
      "source": "devbox-search",
      "version": "3.11.14",
      "systems": {
        "aarch64-darwin": {
          "outputs": [
            {
              "name": "out",
              "path": "/nix/store/0710xrjndhjvpssqif83gyaz9qkxlwi3-python3-3.11.14",
              "default": true
            }
          ],
          "store_path": "/nix/store/0710xrjndhjvpssqif83gyaz9qkxlwi3-python3-3.11.14"
        },
        "aarch64-linux": {
          "outputs": [
            {
              "name": "out",
              "path": "/nix/store/82404paf3vf9nmj8gdfwjnz26g32cfq9-python3-3.11.14",
              "default": true
            },
            {
              "name": "debug",
              "path": "/nix/store/yrbnpgrbj34kp80rhhmf9rqy0prncvgc-python3-3.11.14-debug"
            }
          ],
          "store_path": "/nix/store/82404paf3vf9nmj8gdfwjnz26g32cfq9-python3-3.11.14"
        },
        "x86_64-darwin": {
          "outputs": [
            {
              "name": "out",
              "path": "/nix/store/ccb93zakkfa6rm36pnd7jwzpddfq2f9h-python3-3.11.14",
              "default": true
            }
          ],
          "store_path": "/nix/store/ccb93zakkfa6rm36pnd7jwzpddfq2f9h-python3-3.11.14"
        },
        "x86_64-linux": {
          "outputs": [
            {
              "name": "out",
              "path": "/nix/store/sm8xkb2i0b6dbsll92iyfavy0b0cw0p6-python3-3.11.14",
              "default": true
            },
            {
              "name": "debug",
              "path": "/nix/store/pqcz3x6ny4psxhw3p07b1l2pmaa2yz2v-python3-3.11.14-debug"
            }
          ],
          "store_path": "/nix/store/sm8xkb2i0b6dbsll92iyfavy0b0cw0p6-python3-3.11.14"
        }
      }
    },
    "uv@latest": {
      "last_modified": "2025-10-22T20:59:19Z",
      "resolved": "github:NixOS/nixpkgs/01b6809f7f9d1183a2b3e081f0a1e6f8f415cb09#uv",
      "source": "devbox-search",
      "version": "0.8.23",
      "systems": {
        "aarch64-darwin": {
          "outputs": [
            {
              "name": "out",
              "path": "/nix/store/3q234qjj0cvdb8yjaiq64gk2q7r1nwcx-uv-0.8.23",
              "default": true
            }
          ],
          "store_path": "/nix/store/3q234qjj0cvdb8yjaiq64gk2q7r1nwcx-uv-0.8.23"
        },
        "aarch64-linux": {
          "outputs": [
            {
              "name": "out",
              "path": "/nix/store/ymbshk79amchwmhvnh8xh5f1608a3p80-uv-0.8.23",
              "default": true
            }
          ],
          "store_path": "/nix/store/ymbshk79amchwmhvnh8xh5f1608a3p80-uv-0.8.23"
        },
        "x86_64-darwin": {
          "outputs": [
            {
              "name": "out",
              "path": "/nix/store/lnl1zz7f97pqj6bqzqpglf0lhgcy5pk0-uv-0.8.23",
              "default": true
            }
          ],
          "store_path": "/nix/store/lnl1zz7f97pqj6bqzqpglf0lhgcy5pk0-uv-0.8.23"
        },
        "x86_64-linux": {
          "outputs": [
            {
              "name": "out",
              "path": "/nix/store/n6chrdybb91npp8gvf8mjk55smx4sn8s-uv-0.8.23",
              "default": true
            }
          ],
          "store_path": "/nix/store/n6chrdybb91npp8gvf8mjk55smx4sn8s-uv-0.8.23"
        }
      }
    }
  }
}
