{
  "lockfile_version": "1",
  "packages": {
    "dotnet-sdk_10@latest": {
      "last_modified": "2025-10-22T20:59:19Z",
      "resolved": "github:NixOS/nixpkgs/01b6809f7f9d1183a2b3e081f0a1e6f8f415cb09#dotnet-sdk_10",
      "source": "devbox-search",
      "version": "10.0.100-rc.2.25502.107",
      "systems": {
        "aarch64-darwin": {
          "outputs": [
            {
              "name": "out",
              "path": "/nix/store/qjmqaak089wnxmkk5hvs0kv371mdaph2-dotnet-sdk-wrapped-10.0.100-rc.2.25502.107",
              "default": true
            },
            {
              "name": "man",
              "path": "/nix/store/p7apzfd60jb82r3b94gzqw9rf2kpc8cj-dotnet-sdk-wrapped-10.0.100-rc.2.25502.107-man",
              "default": true
            }
          ],
          "store_path": "/nix/store/qjmqaak089wnxmkk5hvs0kv371mdaph2-dotnet-sdk-wrapped-10.0.100-rc.2.25502.107"
        },
        "aarch64-linux": {
          "outputs": [
            {
              "name": "out",
              "path": "/nix/store/m397s8j697dqdl8vhp4qy39scf4yy10n-dotnet-sdk-wrapped-10.0.100-rc.2.25502.107",
              "default": true
            },
            {
              "name": "man",
              "path": "/nix/store/jilxiwwrc11zncnxf8s5h3h0f0vkq4px-dotnet-sdk-wrapped-10.0.100-rc.2.25502.107-man",
              "default": true
            }
          ],
          "store_path": "/nix/store/m397s8j697dqdl8vhp4qy39scf4yy10n-dotnet-sdk-wrapped-10.0.100-rc.2.25502.107"
        },
        "x86_64-darwin": {
          "outputs": [
            {
              "name": "out",
              "path": "/nix/store/fmgsr0hx4pj8arajkwl8nchvr5xa653q-dotnet-sdk-wrapped-10.0.100-rc.2.25502.107",
              "default": true
            }
          ],
          "store_path": "/nix/store/fmgsr0hx4pj8arajkwl8nchvr5xa653q-dotnet-sdk-wrapped-10.0.100-rc.2.25502.107"
        },
        "x86_64-linux": {
          "outputs": [
            {
              "name": "out",
              "path": "/nix/store/gkdzs08rjbbv31i5c3qn47jfmkdbxd7a-dotnet-sdk-wrapped-10.0.100-rc.2.25502.107",
              "default": true
            },
            {
              "name": "man",
              "path": "/nix/store/pc1h8ilm9myzqwdvnvzn47nlghc71140-dotnet-sdk-wrapped-10.0.100-rc.2.25502.107-man",
              "default": true
            }
          ],
          "store_path": "/nix/store/gkdzs08rjbbv31i5c3qn47jfmkdbxd7a-dotnet-sdk-wrapped-10.0.100-rc.2.25502.107"
        }
      }
    },
    "git": {
      "resolved": "github:NixOS/nixpkgs/1d4c88323ac36805d09657d13a5273aea1b34f0c?narHash=sha256-esRhOS0APE6k40Hs%2FjjReXg%2Brx%2BJ5LkWw7cuWFKlwYA%3D#git",
      "source": "nixpkg",
      "systems": {
        "aarch64-darwin": {
          "outputs": [
            {
              "path": "/nix/store/k2vlwnvjcmnig77p65zipibvvim8rxq7-git-2.51.2",
              "default": true
            }
          ]
        }
      }
    },
    "github:NixOS/nixpkgs/nixpkgs-unstable": {
      "last_modified": "2025-11-15T07:28:48Z",
      "resolved": "github:NixOS/nixpkgs/1d4c88323ac36805d09657d13a5273aea1b34f0c?lastModified=1763191728&narHash=sha256-esRhOS0APE6k40Hs%2FjjReXg%2Brx%2BJ5LkWw7cuWFKlwYA%3D"
    },
    "go@latest": {
      "last_modified": "2025-11-23T21:50:36Z",
      "resolved": "github:NixOS/nixpkgs/ee09932cedcef15aaf476f9343d1dea2cb77e261#go",
      "source": "devbox-search",
      "version": "1.25.4",
      "systems": {
        "aarch64-darwin": {
          "outputs": [
            {
              "name": "out",
              "path": "/nix/store/52f5kjcmgmvgrz3rij676b3rjmgg5l5g-go-1.25.4",
              "default": true
            }
          ],
          "store_path": "/nix/store/52f5kjcmgmvgrz3rij676b3rjmgg5l5g-go-1.25.4"
        },
        "aarch64-linux": {
          "outputs": [
            {
              "name": "out",
              "path": "/nix/store/2ajrlmz1qdpm9k9ankhnp3973wxg1gqs-go-1.25.4",
              "default": true
            }
          ],
          "store_path": "/nix/store/2ajrlmz1qdpm9k9ankhnp3973wxg1gqs-go-1.25.4"
        },
        "x86_64-darwin": {
          "outputs": [
            {
              "name": "out",
              "path": "/nix/store/1rqpvp45rl4sr1l0czrlbmv8jqj9sa7r-go-1.25.4",
              "default": true
            }
          ],
          "store_path": "/nix/store/1rqpvp45rl4sr1l0czrlbmv8jqj9sa7r-go-1.25.4"
        },
        "x86_64-linux": {
          "outputs": [
            {
              "name": "out",
              "path": "/nix/store/0a3dyfq09dnkw28ap2i450wjimvdmv6s-go-1.25.4",
              "default": true
            }
          ],
          "store_path": "/nix/store/0a3dyfq09dnkw28ap2i450wjimvdmv6s-go-1.25.4"
        }
      }
    },
    "home-manager@latest": {
      "last_modified": "2025-11-23T21:50:36Z",
      "resolved": "github:NixOS/nixpkgs/ee09932cedcef15aaf476f9343d1dea2cb77e261#home-manager",
      "source": "devbox-search",
      "version": "0-unstable-2025-11-17",
      "systems": {
        "aarch64-darwin": {
          "outputs": [
            {
              "name": "out",
              "path": "/nix/store/6c9cgj6k73w5az5l83fhlighxh5g0r4l-home-manager-0-unstable-2025-11-17",
              "default": true
            }
          ],
          "store_path": "/nix/store/6c9cgj6k73w5az5l83fhlighxh5g0r4l-home-manager-0-unstable-2025-11-17"
        },
        "aarch64-linux": {
          "outputs": [
            {
              "name": "out",
              "path": "/nix/store/d5lfg78srsmskwdzi9xfl2y9ksbvmvmp-home-manager-0-unstable-2025-11-17",
              "default": true
            }
          ],
          "store_path": "/nix/store/d5lfg78srsmskwdzi9xfl2y9ksbvmvmp-home-manager-0-unstable-2025-11-17"
        },
        "x86_64-darwin": {
          "outputs": [
            {
              "name": "out",
              "path": "/nix/store/9qvkvp28sfap4i5yns9mxwwmazpdrzk4-home-manager-0-unstable-2025-11-17",
              "default": true
            }
          ],
          "store_path": "/nix/store/9qvkvp28sfap4i5yns9mxwwmazpdrzk4-home-manager-0-unstable-2025-11-17"
        },
        "x86_64-linux": {
          "outputs": [
            {
              "name": "out",
              "path": "/nix/store/cc739c3cpgmhjp3p49kwlbnj530p4p16-home-manager-0-unstable-2025-11-17",
              "default": true
            }
          ],
          "store_path": "/nix/store/cc739c3cpgmhjp3p49kwlbnj530p4p16-home-manager-0-unstable-2025-11-17"
        }
      }
    },
    "nodePackages.pyright@latest": {
      "last_modified": "2024-05-22T06:18:38Z",
      "resolved": "github:NixOS/nixpkgs/3f316d2a50699a78afe5e77ca486ad553169061e#nodePackages.pyright",
      "source": "devbox-search",
      "version": "1.1.354",
      "systems": {
        "aarch64-darwin": {
          "outputs": [
            {
              "name": "out",
              "path": "/nix/store/1hsimffc05i7g7jhvbdvm1ql46y5znrj-pyright-1.1.354",
              "default": true
            }
          ],
          "store_path": "/nix/store/1hsimffc05i7g7jhvbdvm1ql46y5znrj-pyright-1.1.354"
        },
        "aarch64-linux": {
          "outputs": [
            {
              "name": "out",
              "path": "/nix/store/357cpldnn2nq250i3kqn3jljn3yjwqrs-pyright-1.1.354",
              "default": true
            }
          ],
          "store_path": "/nix/store/357cpldnn2nq250i3kqn3jljn3yjwqrs-pyright-1.1.354"
        },
        "x86_64-darwin": {
          "outputs": [
            {
              "name": "out",
              "path": "/nix/store/6dgngz4zy1fqbv4dws7xdw5zzqzb33p9-pyright-1.1.354",
              "default": true
            }
          ],
          "store_path": "/nix/store/6dgngz4zy1fqbv4dws7xdw5zzqzb33p9-pyright-1.1.354"
        },
        "x86_64-linux": {
          "outputs": [
            {
              "name": "out",
              "path": "/nix/store/hh2zhxj3i8zksvs2h72q4lqr1b4dwvg1-pyright-1.1.354",
              "default": true
            }
          ],
          "store_path": "/nix/store/hh2zhxj3i8zksvs2h72q4lqr1b4dwvg1-pyright-1.1.354"
        }
      }
    },
    "nodejs@20": {
      "last_modified": "2025-11-12T10:38:40Z",
      "plugin_version": "0.0.2",
      "resolved": "github:NixOS/nixpkgs/91c9a64ce2a84e648d0cf9671274bb9c2fb9ba60#nodejs_20",
      "source": "devbox-search",
      "version": "20.19.5",
      "systems": {
        "aarch64-darwin": {
          "outputs": [
            {
              "name": "out",
              "path": "/nix/store/mrzzr68dgmdgn2qnynn2s174nkhdpdhs-nodejs-20.19.5",
              "default": true
            },
            {
              "name": "libv8",
              "path": "/nix/store/v0b2ly7b8jchn8yhx31q2hxv2iv7rzgz-nodejs-20.19.5-libv8"
            },
            {
              "name": "dev",
              "path": "/nix/store/7hi4mk7g9ql080gibqz1q3ck006f1dw8-nodejs-20.19.5-dev"
            }
          ],
          "store_path": "/nix/store/mrzzr68dgmdgn2qnynn2s174nkhdpdhs-nodejs-20.19.5"
        },
        "aarch64-linux": {
          "outputs": [
            {
              "name": "out",
              "path": "/nix/store/ys7vm949p1yvdi3my2g9rvq5csik88y6-nodejs-20.19.5",
              "default": true
            },
            {
              "name": "dev",
              "path": "/nix/store/x7zkvi7yks77d57zyqvn79zcw041wl58-nodejs-20.19.5-dev"
            },
            {
              "name": "libv8",
              "path": "/nix/store/bhc8wjzfb14r35j424apv64mkv0yrasp-nodejs-20.19.5-libv8"
            }
          ],
          "store_path": "/nix/store/ys7vm949p1yvdi3my2g9rvq5csik88y6-nodejs-20.19.5"
        },
        "x86_64-darwin": {
          "outputs": [
            {
              "name": "out",
              "path": "/nix/store/y5qp59zzplbq6snp197nsrm8q5v7d1vk-nodejs-20.19.5",
              "default": true
            },
            {
              "name": "dev",
              "path": "/nix/store/s770vsk60qxlip35ss3jll0h2vp1jpm8-nodejs-20.19.5-dev"
            },
            {
              "name": "libv8",
              "path": "/nix/store/mqif39ay45nvpb8dhxc6pz8gpj0pxyrz-nodejs-20.19.5-libv8"
            }
          ],
          "store_path": "/nix/store/y5qp59zzplbq6snp197nsrm8q5v7d1vk-nodejs-20.19.5"
        },
        "x86_64-linux": {
          "outputs": [
            {
              "name": "out",
              "path": "/nix/store/jh5j35wpkxlznmzq68c07ajq7wk08s6v-nodejs-20.19.5",
              "default": true
            },
            {
              "name": "dev",
              "path": "/nix/store/519i2gakc2mlh499s7ngggvnms48an1x-nodejs-20.19.5-dev"
            },
            {
              "name": "libv8",
              "path": "/nix/store/5las0grczkfjw070rwl09ryxqmmj2xz5-nodejs-20.19.5-libv8"
            }
          ],
          "store_path": "/nix/store/jh5j35wpkxlznmzq68c07ajq7wk08s6v-nodejs-20.19.5"
        }
      }
    },
    "pre-commit@latest": {
      "last_modified": "2025-11-23T21:50:36Z",
      "resolved": "github:NixOS/nixpkgs/ee09932cedcef15aaf476f9343d1dea2cb77e261#pre-commit",
      "source": "devbox-search",
      "version": "4.3.0",
      "systems": {
        "aarch64-darwin": {
          "outputs": [
            {
              "name": "out",
              "path": "/nix/store/9ddgd7sar04a2w5bslf8hvhbsi9gf3k5-pre-commit-4.3.0",
              "default": true
            },
            {
              "name": "dist",
              "path": "/nix/store/v9fdnv1la3zw595f4a380d0rv6hcw6rw-pre-commit-4.3.0-dist"
            }
          ],
          "store_path": "/nix/store/9ddgd7sar04a2w5bslf8hvhbsi9gf3k5-pre-commit-4.3.0"
        },
        "aarch64-linux": {
          "outputs": [
            {
              "name": "out",
              "path": "/nix/store/lfx4qx4h8ayprwnshrpy0yl7chqwrgqd-pre-commit-4.3.0",
              "default": true
            },
            {
              "name": "dist",
              "path": "/nix/store/hyz983wrcgk1iya6rcwvhma57lg7xybr-pre-commit-4.3.0-dist"
            }
          ],
          "store_path": "/nix/store/lfx4qx4h8ayprwnshrpy0yl7chqwrgqd-pre-commit-4.3.0"
        },
        "x86_64-darwin": {
          "outputs": [
            {
              "name": "out",
              "path": "/nix/store/0ak7916dw0jj0y1q1vpa949al9i36g3g-pre-commit-4.3.0",
              "default": true
            },
            {
              "name": "dist",
              "path": "/nix/store/4ay1aqa5py1lvi9jdgnjvglzgg4773xx-pre-commit-4.3.0-dist"
            }
          ],
          "store_path": "/nix/store/0ak7916dw0jj0y1q1vpa949al9i36g3g-pre-commit-4.3.0"
        },
        "x86_64-linux": {
          "outputs": [
            {
              "name": "out",
              "path": "/nix/store/mpy05k3b0vhg1ivb56jrnpnp4q7m4phb-pre-commit-4.3.0",
              "default": true
            },
            {
              "name": "dist",
              "path": "/nix/store/l9lpfhrzlz2g22dzhwcjzc5xxrfx2pi2-pre-commit-4.3.0-dist"
            }
          ],
          "store_path": "/nix/store/mpy05k3b0vhg1ivb56jrnpnp4q7m4phb-pre-commit-4.3.0"
        }
      }
    },
    "python312": {
      "plugin_version": "0.0.4",
      "resolved": "github:NixOS/nixpkgs/1d4c88323ac36805d09657d13a5273aea1b34f0c?narHash=sha256-esRhOS0APE6k40Hs%2FjjReXg%2Brx%2BJ5LkWw7cuWFKlwYA%3D#python312",
      "source": "nixpkg"
    },
    "python312Packages.ipykernel": {
      "resolved": "github:NixOS/nixpkgs/1d4c88323ac36805d09657d13a5273aea1b34f0c?narHash=sha256-esRhOS0APE6k40Hs%2FjjReXg%2Brx%2BJ5LkWw7cuWFKlwYA%3D#python312Packages.ipykernel",
      "source": "nixpkg"
    },
    "python312Packages.jupyter": {
      "resolved": "github:NixOS/nixpkgs/1d4c88323ac36805d09657d13a5273aea1b34f0c?narHash=sha256-esRhOS0APE6k40Hs%2FjjReXg%2Brx%2BJ5LkWw7cuWFKlwYA%3D#python312Packages.jupyter",
      "source": "nixpkg"
    },
    "python312Packages.matplotlib": {
      "resolved": "github:NixOS/nixpkgs/1d4c88323ac36805d09657d13a5273aea1b34f0c?narHash=sha256-esRhOS0APE6k40Hs%2FjjReXg%2Brx%2BJ5LkWw7cuWFKlwYA%3D#python312Packages.matplotlib",
      "source": "nixpkg"
    },
    "python312Packages.numpy": {
      "resolved": "github:NixOS/nixpkgs/1d4c88323ac36805d09657d13a5273aea1b34f0c?narHash=sha256-esRhOS0APE6k40Hs%2FjjReXg%2Brx%2BJ5LkWw7cuWFKlwYA%3D#python312Packages.numpy",
      "source": "nixpkg"
    },
    "python312Packages.pandas": {
      "resolved": "github:NixOS/nixpkgs/1d4c88323ac36805d09657d13a5273aea1b34f0c?narHash=sha256-esRhOS0APE6k40Hs%2FjjReXg%2Brx%2BJ5LkWw7cuWFKlwYA%3D#python312Packages.pandas",
      "source": "nixpkg"
    },
    "python312Packages.pip": {
      "resolved": "github:NixOS/nixpkgs/1d4c88323ac36805d09657d13a5273aea1b34f0c?narHash=sha256-esRhOS0APE6k40Hs%2FjjReXg%2Brx%2BJ5LkWw7cuWFKlwYA%3D#python312Packages.pip",
      "source": "nixpkg"
    },
    "python312Packages.scikit-learn": {
      "resolved": "github:NixOS/nixpkgs/1d4c88323ac36805d09657d13a5273aea1b34f0c?narHash=sha256-esRhOS0APE6k40Hs%2FjjReXg%2Brx%2BJ5LkWw7cuWFKlwYA%3D#python312Packages.scikit-learn",
      "source": "nixpkg"
    },
    "python312Packages.seaborn": {
      "resolved": "github:NixOS/nixpkgs/1d4c88323ac36805d09657d13a5273aea1b34f0c?narHash=sha256-esRhOS0APE6k40Hs%2FjjReXg%2Brx%2BJ5LkWw7cuWFKlwYA%3D#python312Packages.seaborn",
      "source": "nixpkg"
    },
    "python312Packages.tkinter": {
      "resolved": "github:NixOS/nixpkgs/1d4c88323ac36805d09657d13a5273aea1b34f0c?narHash=sha256-esRhOS0APE6k40Hs%2FjjReXg%2Brx%2BJ5LkWw7cuWFKlwYA%3D#python312Packages.tkinter",
      "source": "nixpkg"
    }
  }
}
